
Microsoft Visual Studio Solution File, Format Version 12.00
# Visual Studio 15
VisualStudioVersion = 15.0.28307.329
MinimumVisualStudioVersion = 10.0.40219.1
Project("{8BC9CEB8-8B4A-11D0-8D11-00A0C91BC942}") = "Benootris", "Benootris\Benootris.vcxproj", "{71B993EE-E69E-4587-8BA4-C8148947F088}"
EndProject
Global
	GlobalSection(SolutionConfigurationPlatforms) = preSolution
		Debug|x64 = Debug|x64
		Debug|x86 = Debug|x86
		Release|x64 = Release|x64
		Release|x86 = Release|x86
	EndGlobalSection
	GlobalSection(ProjectConfigurationPlatforms) = postSolution
		{71B993EE-E69E-4587-8BA4-C8148947F088}.Debug|x64.ActiveCfg = Debug|x64
		{71B993EE-E69E-4587-8BA4-C8148947F088}.Debug|x64.Build.0 = Debug|x64
		{71B993EE-E69E-4587-8BA4-C8148947F088}.Debug|x86.ActiveCfg = Debug|Win32
		{71B993EE-E69E-4587-8BA4-C8148947F088}.Debug|x86.Build.0 = Debug|Win32
		{71B993EE-E69E-4587-8BA4-C8148947F088}.Release|x64.ActiveCfg = Release|x64
		{71B993EE-E69E-4587-8BA4-C8148947F088}.Release|x64.Build.0 = Release|x64
		{71B993EE-E69E-4587-8BA4-C8148947F088}.Release|x86.ActiveCfg = Release|Win32
		{71B993EE-E69E-4587-8BA4-C8148947F088}.Release|x86.Build.0 = Release|Win32
	EndGlobalSection
	GlobalSection(SolutionProperties) = preSolution
		HideSolutionNode = FALSE
	EndGlobalSection
	GlobalSection(ExtensibilityGlobals) = postSolution
		SolutionGuid = {F0A3F213-D143-4203-91C6-3C1C1733B503}
	EndGlobalSection
EndGlobal
